
Microsoft Visual Studio Solution File, Format Version 12.00
# Visual Studio 15
VisualStudioVersion = 15.0.28010.2026
MinimumVisualStudioVersion = 10.0.40219.1
Project("{9A19103F-16F7-4668-BE54-9A1E7A4F7556}") = "Blockchain", "Blockchain\Blockchain.csproj", "{284469F3-85A8-4B70-8DBB-5A71EB9D1ABC}"
EndProject
Global
	GlobalSection(SolutionConfigurationPlatforms) = preSolution
		Debug|Any CPU = Debug|Any CPU
		Release|Any CPU = Release|Any CPU
	EndGlobalSection
	GlobalSection(ProjectConfigurationPlatforms) = postSolution
		{284469F3-85A8-4B70-8DBB-5A71EB9D1ABC}.Debug|Any CPU.ActiveCfg = Debug|Any CPU
		{284469F3-85A8-4B70-8DBB-5A71EB9D1ABC}.Debug|Any CPU.Build.0 = Debug|Any CPU
		{284469F3-85A8-4B70-8DBB-5A71EB9D1ABC}.Release|Any CPU.ActiveCfg = Release|Any CPU
		{284469F3-85A8-4B70-8DBB-5A71EB9D1ABC}.Release|Any CPU.Build.0 = Release|Any CPU
	EndGlobalSection
	GlobalSection(SolutionProperties) = preSolution
		HideSolutionNode = FALSE
	EndGlobalSection
	GlobalSection(ExtensibilityGlobals) = postSolution
		SolutionGuid = {AEC4A6D3-88B1-4B8B-8B89-65EF6B9EA3FF}
	EndGlobalSection
EndGlobal
